// !$*UTF8*$!
{
	archiveVersion = 1;
	classes = {
	};
	objectVersion = 46;
	objects = {

/* Begin PBXBuildFile section */
		770D42BE1BCF047300C2C3A6 /* AppDelegate.swift in Sources */ = {isa = PBXBuildFile; fileRef = 770D42BD1BCF047300C2C3A6 /* AppDelegate.swift */; };
		770D42C51BCF047300C2C3A6 /* Assets.xcassets in Resources */ = {isa = PBXBuildFile; fileRef = 770D42C41BCF047300C2C3A6 /* Assets.xcassets */; };
		770D42C81BCF047300C2C3A6 /* LaunchScreen.storyboard in Resources */ = {isa = PBXBuildFile; fileRef = 770D42C61BCF047300C2C3A6 /* LaunchScreen.storyboard */; };
		770D42DE1BCF047300C2C3A6 /* ActivWikiUITests.swift in Sources */ = {isa = PBXBuildFile; fileRef = 770D42DD1BCF047300C2C3A6 /* ActivWikiUITests.swift */; };
		770D42EC1BCF094700C2C3A6 /* Games.bundle in Resources */ = {isa = PBXBuildFile; fileRef = 770D42EB1BCF094700C2C3A6 /* Games.bundle */; };
		77C7F3CB1CB5E3D7008E6318 /* JSONUnitTests.swift in Sources */ = {isa = PBXBuildFile; fileRef = 77C7F3CA1CB5E3D7008E6318 /* JSONUnitTests.swift */; };
		77CA008A1CC6DC0C001959EE /* main.jsbundle in Resources */ = {isa = PBXBuildFile; fileRef = 77CA00891CC6DC0C001959EE /* main.jsbundle */; };
		77CA008C1CC7042D001959EE /* MainViewController.swift in Sources */ = {isa = PBXBuildFile; fileRef = 77CA008B1CC7042D001959EE /* MainViewController.swift */; };
		77CA008E1CC7049A001959EE /* GameView.swift in Sources */ = {isa = PBXBuildFile; fileRef = 77CA008D1CC7049A001959EE /* GameView.swift */; };
		77CA00941CC70F2D001959EE /* GameViewManager.m in Sources */ = {isa = PBXBuildFile; fileRef = 77CA00931CC70F2D001959EE /* GameViewManager.m */; };
		77DF26271BD113CB0013696A /* WebViewComponent.swift in Sources */ = {isa = PBXBuildFile; fileRef = 77DF26261BD113CB0013696A /* WebViewComponent.swift */; };
		77DF262B1BD595970013696A /* GamesBundle.swift in Sources */ = {isa = PBXBuildFile; fileRef = 77DF262A1BD595970013696A /* GamesBundle.swift */; };
		77DF262D1BD5996C0013696A /* GamesBundleUnitTests.swift in Sources */ = {isa = PBXBuildFile; fileRef = 77DF262C1BD5996C0013696A /* GamesBundleUnitTests.swift */; };
		77DF26351BD6EA550013696A /* metacontroller.js in Resources */ = {isa = PBXBuildFile; fileRef = 77DF26341BD6EA550013696A /* metacontroller.js */; };
		F78F24A060D55F44ADDBAC2D /* Pods.framework in Frameworks */ = {isa = PBXBuildFile; fileRef = B903850C85D0120A3CCEFAC8 /* Pods.framework */; };
/* End PBXBuildFile section */

/* Begin PBXContainerItemProxy section */
		770D42CF1BCF047300C2C3A6 /* PBXContainerItemProxy */ = {
			isa = PBXContainerItemProxy;
			containerPortal = 770D42B21BCF047300C2C3A6 /* Project object */;
			proxyType = 1;
			remoteGlobalIDString = 770D42B91BCF047300C2C3A6;
			remoteInfo = ActivWiki;
		};
		770D42DA1BCF047300C2C3A6 /* PBXContainerItemProxy */ = {
			isa = PBXContainerItemProxy;
			containerPortal = 770D42B21BCF047300C2C3A6 /* Project object */;
			proxyType = 1;
			remoteGlobalIDString = 770D42B91BCF047300C2C3A6;
			remoteInfo = ActivWiki;
		};
/* End PBXContainerItemProxy section */

/* Begin PBXFileReference section */
		544EC8087B9A112B06E66EEF /* Pods.release.xcconfig */ = {isa = PBXFileReference; includeInIndex = 1; lastKnownFileType = text.xcconfig; name = Pods.release.xcconfig; path = "Pods/Target Support Files/Pods/Pods.release.xcconfig"; sourceTree = "<group>"; };
		770D42BA1BCF047300C2C3A6 /* OpenBrain.app */ = {isa = PBXFileReference; explicitFileType = wrapper.application; includeInIndex = 0; path = OpenBrain.app; sourceTree = BUILT_PRODUCTS_DIR; };
		770D42BD1BCF047300C2C3A6 /* AppDelegate.swift */ = {isa = PBXFileReference; lastKnownFileType = sourcecode.swift; path = AppDelegate.swift; sourceTree = "<group>"; };
		770D42C41BCF047300C2C3A6 /* Assets.xcassets */ = {isa = PBXFileReference; lastKnownFileType = folder.assetcatalog; path = Assets.xcassets; sourceTree = "<group>"; };
		770D42C71BCF047300C2C3A6 /* Base */ = {isa = PBXFileReference; lastKnownFileType = file.storyboard; name = Base; path = Base.lproj/LaunchScreen.storyboard; sourceTree = "<group>"; };
		770D42C91BCF047300C2C3A6 /* Info.plist */ = {isa = PBXFileReference; lastKnownFileType = text.plist.xml; path = Info.plist; sourceTree = "<group>"; };
		770D42CE1BCF047300C2C3A6 /* OpenBrainTests.xctest */ = {isa = PBXFileReference; explicitFileType = wrapper.cfbundle; includeInIndex = 0; path = OpenBrainTests.xctest; sourceTree = BUILT_PRODUCTS_DIR; };
		770D42D41BCF047300C2C3A6 /* Info.plist */ = {isa = PBXFileReference; lastKnownFileType = text.plist.xml; path = Info.plist; sourceTree = "<group>"; };
		770D42D91BCF047300C2C3A6 /* OpenBrainUITests.xctest */ = {isa = PBXFileReference; explicitFileType = wrapper.cfbundle; includeInIndex = 0; path = OpenBrainUITests.xctest; sourceTree = BUILT_PRODUCTS_DIR; };
		770D42DD1BCF047300C2C3A6 /* ActivWikiUITests.swift */ = {isa = PBXFileReference; lastKnownFileType = sourcecode.swift; path = ActivWikiUITests.swift; sourceTree = "<group>"; };
		770D42DF1BCF047300C2C3A6 /* Info.plist */ = {isa = PBXFileReference; lastKnownFileType = text.plist.xml; path = Info.plist; sourceTree = "<group>"; };
		770D42EB1BCF094700C2C3A6 /* Games.bundle */ = {isa = PBXFileReference; lastKnownFileType = "wrapper.plug-in"; path = Games.bundle; sourceTree = "<group>"; };
		77C7F3CA1CB5E3D7008E6318 /* JSONUnitTests.swift */ = {isa = PBXFileReference; fileEncoding = 4; lastKnownFileType = sourcecode.swift; path = JSONUnitTests.swift; sourceTree = "<group>"; };
		77CA00891CC6DC0C001959EE /* main.jsbundle */ = {isa = PBXFileReference; fileEncoding = 4; lastKnownFileType = text; path = main.jsbundle; sourceTree = SOURCE_ROOT; };
		77CA008B1CC7042D001959EE /* MainViewController.swift */ = {isa = PBXFileReference; fileEncoding = 4; lastKnownFileType = sourcecode.swift; path = MainViewController.swift; sourceTree = "<group>"; };
		77CA008D1CC7049A001959EE /* GameView.swift */ = {isa = PBXFileReference; fileEncoding = 4; lastKnownFileType = sourcecode.swift; path = GameView.swift; sourceTree = "<group>"; };
		77CA00921CC70F2D001959EE /* GameViewManager.h */ = {isa = PBXFileReference; fileEncoding = 4; lastKnownFileType = sourcecode.c.h; path = GameViewManager.h; sourceTree = "<group>"; };
		77CA00931CC70F2D001959EE /* GameViewManager.m */ = {isa = PBXFileReference; fileEncoding = 4; lastKnownFileType = sourcecode.c.objc; path = GameViewManager.m; sourceTree = "<group>"; };
		77DF26261BD113CB0013696A /* WebViewComponent.swift */ = {isa = PBXFileReference; fileEncoding = 4; indentWidth = 2; lastKnownFileType = sourcecode.swift; path = WebViewComponent.swift; sourceTree = "<group>"; tabWidth = 2; };
		77DF262A1BD595970013696A /* GamesBundle.swift */ = {isa = PBXFileReference; fileEncoding = 4; lastKnownFileType = sourcecode.swift; path = GamesBundle.swift; sourceTree = "<group>"; };
		77DF262C1BD5996C0013696A /* GamesBundleUnitTests.swift */ = {isa = PBXFileReference; fileEncoding = 4; lastKnownFileType = sourcecode.swift; path = GamesBundleUnitTests.swift; sourceTree = "<group>"; };
		77DF26341BD6EA550013696A /* metacontroller.js */ = {isa = PBXFileReference; fileEncoding = 4; lastKnownFileType = sourcecode.javascript; path = metacontroller.js; sourceTree = "<group>"; };
		8743D44474BDED98C62D4CDB /* Pods.debug.xcconfig */ = {isa = PBXFileReference; includeInIndex = 1; lastKnownFileType = text.xcconfig; name = Pods.debug.xcconfig; path = "Pods/Target Support Files/Pods/Pods.debug.xcconfig"; sourceTree = "<group>"; };
		B903850C85D0120A3CCEFAC8 /* Pods.framework */ = {isa = PBXFileReference; explicitFileType = wrapper.framework; includeInIndex = 0; path = Pods.framework; sourceTree = BUILT_PRODUCTS_DIR; };
/* End PBXFileReference section */

/* Begin PBXFrameworksBuildPhase section */
		770D42B71BCF047300C2C3A6 /* Frameworks */ = {
			isa = PBXFrameworksBuildPhase;
			buildActionMask = 2147483647;
			files = (
				F78F24A060D55F44ADDBAC2D /* Pods.framework in Frameworks */,
			);
			runOnlyForDeploymentPostprocessing = 0;
		};
		770D42CB1BCF047300C2C3A6 /* Frameworks */ = {
			isa = PBXFrameworksBuildPhase;
			buildActionMask = 2147483647;
			files = (
			);
			runOnlyForDeploymentPostprocessing = 0;
		};
		770D42D61BCF047300C2C3A6 /* Frameworks */ = {
			isa = PBXFrameworksBuildPhase;
			buildActionMask = 2147483647;
			files = (
			);
			runOnlyForDeploymentPostprocessing = 0;
		};
/* End PBXFrameworksBuildPhase section */

/* Begin PBXGroup section */
		0250ABCBE3E73471B0CEC78E /* Pods */ = {
			isa = PBXGroup;
			children = (
				8743D44474BDED98C62D4CDB /* Pods.debug.xcconfig */,
				544EC8087B9A112B06E66EEF /* Pods.release.xcconfig */,
			);
			name = Pods;
			sourceTree = "<group>";
		};
		4EF2F4FFCEEEC1CDDDED53D4 /* Frameworks */ = {
			isa = PBXGroup;
			children = (
				B903850C85D0120A3CCEFAC8 /* Pods.framework */,
			);
			name = Frameworks;
			sourceTree = "<group>";
		};
		770D42B11BCF047300C2C3A6 = {
			isa = PBXGroup;
			children = (
				770D42BC1BCF047300C2C3A6 /* OpenBrain */,
				770D42D11BCF047300C2C3A6 /* OpenBrainTests */,
				770D42DC1BCF047300C2C3A6 /* OpenBrainUITests */,
				770D42BB1BCF047300C2C3A6 /* Products */,
				4EF2F4FFCEEEC1CDDDED53D4 /* Frameworks */,
				0250ABCBE3E73471B0CEC78E /* Pods */,
			);
			sourceTree = "<group>";
		};
		770D42BB1BCF047300C2C3A6 /* Products */ = {
			isa = PBXGroup;
			children = (
				770D42BA1BCF047300C2C3A6 /* OpenBrain.app */,
				770D42CE1BCF047300C2C3A6 /* OpenBrainTests.xctest */,
				770D42D91BCF047300C2C3A6 /* OpenBrainUITests.xctest */,
			);
			name = Products;
			sourceTree = "<group>";
		};
		770D42BC1BCF047300C2C3A6 /* OpenBrain */ = {
			isa = PBXGroup;
			children = (
				77CA00921CC70F2D001959EE /* GameViewManager.h */,
				77CA00931CC70F2D001959EE /* GameViewManager.m */,
				770D42BD1BCF047300C2C3A6 /* AppDelegate.swift */,
				77CA008D1CC7049A001959EE /* GameView.swift */,
				77CA008B1CC7042D001959EE /* MainViewController.swift */,
				77DF26261BD113CB0013696A /* WebViewComponent.swift */,
				77DF262A1BD595970013696A /* GamesBundle.swift */,
				770D42C41BCF047300C2C3A6 /* Assets.xcassets */,
				770D42C61BCF047300C2C3A6 /* LaunchScreen.storyboard */,
				770D42C91BCF047300C2C3A6 /* Info.plist */,
				77DF26341BD6EA550013696A /* metacontroller.js */,
				77CA00891CC6DC0C001959EE /* main.jsbundle */,
				770D42EB1BCF094700C2C3A6 /* Games.bundle */,
			);
			path = OpenBrain;
			sourceTree = "<group>";
		};
		770D42D11BCF047300C2C3A6 /* OpenBrainTests */ = {
			isa = PBXGroup;
			children = (
				77DF262C1BD5996C0013696A /* GamesBundleUnitTests.swift */,
				77C7F3CA1CB5E3D7008E6318 /* JSONUnitTests.swift */,
				770D42D41BCF047300C2C3A6 /* Info.plist */,
			);
			path = OpenBrainTests;
			sourceTree = "<group>";
		};
		770D42DC1BCF047300C2C3A6 /* OpenBrainUITests */ = {
			isa = PBXGroup;
			children = (
				770D42DD1BCF047300C2C3A6 /* ActivWikiUITests.swift */,
				770D42DF1BCF047300C2C3A6 /* Info.plist */,
			);
			path = OpenBrainUITests;
			sourceTree = "<group>";
		};
/* End PBXGroup section */

/* Begin PBXNativeTarget section */
		770D42B91BCF047300C2C3A6 /* OpenBrain */ = {
			isa = PBXNativeTarget;
			buildConfigurationList = 770D42E21BCF047300C2C3A6 /* Build configuration list for PBXNativeTarget "OpenBrain" */;
			buildPhases = (
				A733C040D38739B552651731 /* Check Pods Manifest.lock */,
				775186201CB858F300BF06A5 /* Copy Games */,
				7739A40D1CD21EDE004C8896 /* Bundle React Native */,
				770D42B61BCF047300C2C3A6 /* Sources */,
				770D42B71BCF047300C2C3A6 /* Frameworks */,
				770D42B81BCF047300C2C3A6 /* Resources */,
				4903020CB2DCE0F49D755838 /* Embed Pods Frameworks */,
				6731B8B3B8722EF224CF0D0E /* Copy Pods Resources */,
			);
			buildRules = (
			);
			dependencies = (
			);
			name = OpenBrain;
			productName = ActivWiki;
			productReference = 770D42BA1BCF047300C2C3A6 /* OpenBrain.app */;
			productType = "com.apple.product-type.application";
		};
		770D42CD1BCF047300C2C3A6 /* OpenBrainTests */ = {
			isa = PBXNativeTarget;
			buildConfigurationList = 770D42E51BCF047300C2C3A6 /* Build configuration list for PBXNativeTarget "OpenBrainTests" */;
			buildPhases = (
				770D42CA1BCF047300C2C3A6 /* Sources */,
				770D42CB1BCF047300C2C3A6 /* Frameworks */,
				770D42CC1BCF047300C2C3A6 /* Resources */,
			);
			buildRules = (
			);
			dependencies = (
				770D42D01BCF047300C2C3A6 /* PBXTargetDependency */,
			);
			name = OpenBrainTests;
			productName = ActivWikiTests;
			productReference = 770D42CE1BCF047300C2C3A6 /* OpenBrainTests.xctest */;
			productType = "com.apple.product-type.bundle.unit-test";
		};
		770D42D81BCF047300C2C3A6 /* OpenBrainUITests */ = {
			isa = PBXNativeTarget;
			buildConfigurationList = 770D42E81BCF047300C2C3A6 /* Build configuration list for PBXNativeTarget "OpenBrainUITests" */;
			buildPhases = (
				770D42D51BCF047300C2C3A6 /* Sources */,
				770D42D61BCF047300C2C3A6 /* Frameworks */,
				770D42D71BCF047300C2C3A6 /* Resources */,
			);
			buildRules = (
			);
			dependencies = (
				770D42DB1BCF047300C2C3A6 /* PBXTargetDependency */,
			);
			name = OpenBrainUITests;
			productName = ActivWikiUITests;
			productReference = 770D42D91BCF047300C2C3A6 /* OpenBrainUITests.xctest */;
			productType = "com.apple.product-type.bundle.ui-testing";
		};
/* End PBXNativeTarget section */

/* Begin PBXProject section */
		770D42B21BCF047300C2C3A6 /* Project object */ = {
			isa = PBXProject;
			attributes = {
				LastUpgradeCheck = 0700;
				ORGANIZATIONNAME = "Daniel Mueller";
				TargetAttributes = {
					770D42B91BCF047300C2C3A6 = {
						CreatedOnToolsVersion = 7.0;
						DevelopmentTeam = NF8KPUS6K2;
					};
					770D42CD1BCF047300C2C3A6 = {
						CreatedOnToolsVersion = 7.0;
						TestTargetID = 770D42B91BCF047300C2C3A6;
					};
					770D42D81BCF047300C2C3A6 = {
						CreatedOnToolsVersion = 7.0;
						DevelopmentTeam = NF8KPUS6K2;
						TestTargetID = 770D42B91BCF047300C2C3A6;
					};
				};
			};
			buildConfigurationList = 770D42B51BCF047300C2C3A6 /* Build configuration list for PBXProject "OpenBrain" */;
			compatibilityVersion = "Xcode 3.2";
			developmentRegion = English;
			hasScannedForEncodings = 0;
			knownRegions = (
				en,
				Base,
			);
			mainGroup = 770D42B11BCF047300C2C3A6;
			productRefGroup = 770D42BB1BCF047300C2C3A6 /* Products */;
			projectDirPath = "";
			projectRoot = "";
			targets = (
				770D42B91BCF047300C2C3A6 /* OpenBrain */,
				770D42CD1BCF047300C2C3A6 /* OpenBrainTests */,
				770D42D81BCF047300C2C3A6 /* OpenBrainUITests */,
			);
		};
/* End PBXProject section */

/* Begin PBXResourcesBuildPhase section */
		770D42B81BCF047300C2C3A6 /* Resources */ = {
			isa = PBXResourcesBuildPhase;
			buildActionMask = 2147483647;
			files = (
				770D42C81BCF047300C2C3A6 /* LaunchScreen.storyboard in Resources */,
				77DF26351BD6EA550013696A /* metacontroller.js in Resources */,
				77CA008A1CC6DC0C001959EE /* main.jsbundle in Resources */,
				770D42EC1BCF094700C2C3A6 /* Games.bundle in Resources */,
				770D42C51BCF047300C2C3A6 /* Assets.xcassets in Resources */,
			);
			runOnlyForDeploymentPostprocessing = 0;
		};
		770D42CC1BCF047300C2C3A6 /* Resources */ = {
			isa = PBXResourcesBuildPhase;
			buildActionMask = 2147483647;
			files = (
			);
			runOnlyForDeploymentPostprocessing = 0;
		};
		770D42D71BCF047300C2C3A6 /* Resources */ = {
			isa = PBXResourcesBuildPhase;
			buildActionMask = 2147483647;
			files = (
			);
			runOnlyForDeploymentPostprocessing = 0;
		};
/* End PBXResourcesBuildPhase section */

/* Begin PBXShellScriptBuildPhase section */
		4903020CB2DCE0F49D755838 /* Embed Pods Frameworks */ = {
			isa = PBXShellScriptBuildPhase;
			buildActionMask = 2147483647;
			files = (
			);
			inputPaths = (
			);
			name = "Embed Pods Frameworks";
			outputPaths = (
			);
			runOnlyForDeploymentPostprocessing = 0;
			shellPath = /bin/sh;
			shellScript = "\"${SRCROOT}/Pods/Target Support Files/Pods/Pods-frameworks.sh\"\n";
			showEnvVarsInLog = 0;
		};
		6731B8B3B8722EF224CF0D0E /* Copy Pods Resources */ = {
			isa = PBXShellScriptBuildPhase;
			buildActionMask = 2147483647;
			files = (
			);
			inputPaths = (
			);
			name = "Copy Pods Resources";
			outputPaths = (
			);
			runOnlyForDeploymentPostprocessing = 0;
			shellPath = /bin/sh;
			shellScript = "\"${SRCROOT}/Pods/Target Support Files/Pods/Pods-resources.sh\"\n";
			showEnvVarsInLog = 0;
		};
		7739A40D1CD21EDE004C8896 /* Bundle React Native */ = {
			isa = PBXShellScriptBuildPhase;
			buildActionMask = 2147483647;
			files = (
			);
			inputPaths = (
			);
			name = "Bundle React Native";
			outputPaths = (
			);
			runOnlyForDeploymentPostprocessing = 0;
			shellPath = /bin/sh;
			shellScript = "export NODE_BINARY=node\n../node_modules/react-native/packager/react-native-xcode.sh";
		};
		775186201CB858F300BF06A5 /* Copy Games */ = {
			isa = PBXShellScriptBuildPhase;
			buildActionMask = 2147483647;
			files = (
			);
			inputPaths = (
			);
			name = "Copy Games";
			outputPaths = (
			);
			runOnlyForDeploymentPostprocessing = 0;
			shellPath = /bin/sh;
			shellScript = "mkdir -p $PROJECT_DIR/OpenBrain/Games.bundle/\ncp $PROJECT_DIR/../web/games/* $PROJECT_DIR/OpenBrain/Games.bundle/";
		};
		A733C040D38739B552651731 /* Check Pods Manifest.lock */ = {
			isa = PBXShellScriptBuildPhase;
			buildActionMask = 2147483647;
			files = (
			);
			inputPaths = (
			);
			name = "Check Pods Manifest.lock";
			outputPaths = (
			);
			runOnlyForDeploymentPostprocessing = 0;
			shellPath = /bin/sh;
			shellScript = "diff \"${PODS_ROOT}/../Podfile.lock\" \"${PODS_ROOT}/Manifest.lock\" > /dev/null\nif [[ $? != 0 ]] ; then\n    cat << EOM\nerror: The sandbox is not in sync with the Podfile.lock. Run 'pod install' or update your CocoaPods installation.\nEOM\n    exit 1\nfi\n";
			showEnvVarsInLog = 0;
		};
/* End PBXShellScriptBuildPhase section */

/* Begin PBXSourcesBuildPhase section */
		770D42B61BCF047300C2C3A6 /* Sources */ = {
			isa = PBXSourcesBuildPhase;
			buildActionMask = 2147483647;
			files = (
				77DF26271BD113CB0013696A /* WebViewComponent.swift in Sources */,
				770D42BE1BCF047300C2C3A6 /* AppDelegate.swift in Sources */,
				77CA00941CC70F2D001959EE /* GameViewManager.m in Sources */,
				77DF262B1BD595970013696A /* GamesBundle.swift in Sources */,
				77CA008E1CC7049A001959EE /* GameView.swift in Sources */,
				77CA008C1CC7042D001959EE /* MainViewController.swift in Sources */,
			);
			runOnlyForDeploymentPostprocessing = 0;
		};
		770D42CA1BCF047300C2C3A6 /* Sources */ = {
			isa = PBXSourcesBuildPhase;
			buildActionMask = 2147483647;
			files = (
				77DF262D1BD5996C0013696A /* GamesBundleUnitTests.swift in Sources */,
				77C7F3CB1CB5E3D7008E6318 /* JSONUnitTests.swift in Sources */,
			);
			runOnlyForDeploymentPostprocessing = 0;
		};
		770D42D51BCF047300C2C3A6 /* Sources */ = {
			isa = PBXSourcesBuildPhase;
			buildActionMask = 2147483647;
			files = (
				770D42DE1BCF047300C2C3A6 /* ActivWikiUITests.swift in Sources */,
			);
			runOnlyForDeploymentPostprocessing = 0;
		};
/* End PBXSourcesBuildPhase section */

/* Begin PBXTargetDependency section */
		770D42D01BCF047300C2C3A6 /* PBXTargetDependency */ = {
			isa = PBXTargetDependency;
			target = 770D42B91BCF047300C2C3A6 /* OpenBrain */;
			targetProxy = 770D42CF1BCF047300C2C3A6 /* PBXContainerItemProxy */;
		};
		770D42DB1BCF047300C2C3A6 /* PBXTargetDependency */ = {
			isa = PBXTargetDependency;
			target = 770D42B91BCF047300C2C3A6 /* OpenBrain */;
			targetProxy = 770D42DA1BCF047300C2C3A6 /* PBXContainerItemProxy */;
		};
/* End PBXTargetDependency section */

/* Begin PBXVariantGroup section */
		770D42C61BCF047300C2C3A6 /* LaunchScreen.storyboard */ = {
			isa = PBXVariantGroup;
			children = (
				770D42C71BCF047300C2C3A6 /* Base */,
			);
			name = LaunchScreen.storyboard;
			sourceTree = "<group>";
		};
/* End PBXVariantGroup section */

/* Begin XCBuildConfiguration section */
		770D42E01BCF047300C2C3A6 /* Debug */ = {
			isa = XCBuildConfiguration;
			buildSettings = {
				ALWAYS_SEARCH_USER_PATHS = NO;
				CLANG_CXX_LANGUAGE_STANDARD = "gnu++0x";
				CLANG_CXX_LIBRARY = "libc++";
				CLANG_ENABLE_MODULES = YES;
				CLANG_ENABLE_OBJC_ARC = YES;
				CLANG_WARN_BOOL_CONVERSION = YES;
				CLANG_WARN_CONSTANT_CONVERSION = YES;
				CLANG_WARN_DIRECT_OBJC_ISA_USAGE = YES_ERROR;
				CLANG_WARN_EMPTY_BODY = YES;
				CLANG_WARN_ENUM_CONVERSION = YES;
				CLANG_WARN_INT_CONVERSION = YES;
				CLANG_WARN_OBJC_ROOT_CLASS = YES_ERROR;
				CLANG_WARN_UNREACHABLE_CODE = YES;
				CLANG_WARN__DUPLICATE_METHOD_MATCH = YES;
				"CODE_SIGN_IDENTITY[sdk=iphoneos*]" = "iPhone Developer";
				COPY_PHASE_STRIP = NO;
				DEBUG_INFORMATION_FORMAT = dwarf;
				ENABLE_STRICT_OBJC_MSGSEND = YES;
				ENABLE_TESTABILITY = YES;
				GCC_C_LANGUAGE_STANDARD = gnu99;
				GCC_DYNAMIC_NO_PIC = NO;
				GCC_NO_COMMON_BLOCKS = YES;
				GCC_OPTIMIZATION_LEVEL = 0;
				GCC_PREPROCESSOR_DEFINITIONS = (
					"DEBUG=1",
					"$(inherited)",
				);
				GCC_WARN_64_TO_32_BIT_CONVERSION = YES;
				GCC_WARN_ABOUT_RETURN_TYPE = YES_ERROR;
				GCC_WARN_UNDECLARED_SELECTOR = YES;
				GCC_WARN_UNINITIALIZED_AUTOS = YES_AGGRESSIVE;
				GCC_WARN_UNUSED_FUNCTION = YES;
				GCC_WARN_UNUSED_VARIABLE = YES;
				IPHONEOS_DEPLOYMENT_TARGET = 9.0;
				MTL_ENABLE_DEBUG_INFO = YES;
				ONLY_ACTIVE_ARCH = YES;
				SDKROOT = iphoneos;
				SWIFT_OPTIMIZATION_LEVEL = "-Onone";
				TARGETED_DEVICE_FAMILY = "1,2";
			};
			name = Debug;
		};
		770D42E11BCF047300C2C3A6 /* Release */ = {
			isa = XCBuildConfiguration;
			buildSettings = {
				ALWAYS_SEARCH_USER_PATHS = NO;
				CLANG_CXX_LANGUAGE_STANDARD = "gnu++0x";
				CLANG_CXX_LIBRARY = "libc++";
				CLANG_ENABLE_MODULES = YES;
				CLANG_ENABLE_OBJC_ARC = YES;
				CLANG_WARN_BOOL_CONVERSION = YES;
				CLANG_WARN_CONSTANT_CONVERSION = YES;
				CLANG_WARN_DIRECT_OBJC_ISA_USAGE = YES_ERROR;
				CLANG_WARN_EMPTY_BODY = YES;
				CLANG_WARN_ENUM_CONVERSION = YES;
				CLANG_WARN_INT_CONVERSION = YES;
				CLANG_WARN_OBJC_ROOT_CLASS = YES_ERROR;
				CLANG_WARN_UNREACHABLE_CODE = YES;
				CLANG_WARN__DUPLICATE_METHOD_MATCH = YES;
				"CODE_SIGN_IDENTITY[sdk=iphoneos*]" = "iPhone Developer";
				COPY_PHASE_STRIP = NO;
				DEBUG_INFORMATION_FORMAT = "dwarf-with-dsym";
				ENABLE_NS_ASSERTIONS = NO;
				ENABLE_STRICT_OBJC_MSGSEND = YES;
				GCC_C_LANGUAGE_STANDARD = gnu99;
				GCC_NO_COMMON_BLOCKS = YES;
				GCC_WARN_64_TO_32_BIT_CONVERSION = YES;
				GCC_WARN_ABOUT_RETURN_TYPE = YES_ERROR;
				GCC_WARN_UNDECLARED_SELECTOR = YES;
				GCC_WARN_UNINITIALIZED_AUTOS = YES_AGGRESSIVE;
				GCC_WARN_UNUSED_FUNCTION = YES;
				GCC_WARN_UNUSED_VARIABLE = YES;
				IPHONEOS_DEPLOYMENT_TARGET = 9.0;
				MTL_ENABLE_DEBUG_INFO = NO;
				SDKROOT = iphoneos;
				TARGETED_DEVICE_FAMILY = "1,2";
				VALIDATE_PRODUCT = YES;
			};
			name = Release;
		};
		770D42E31BCF047300C2C3A6 /* Debug */ = {
			isa = XCBuildConfiguration;
			baseConfigurationReference = 8743D44474BDED98C62D4CDB /* Pods.debug.xcconfig */;
			buildSettings = {
				ASSETCATALOG_COMPILER_APPICON_NAME = AppIcon;
				CODE_SIGN_IDENTITY = "iPhone Developer";
				"CODE_SIGN_IDENTITY[sdk=iphoneos*]" = "iPhone Developer";
				INFOPLIST_FILE = OpenBrain/Info.plist;
				LD_RUNPATH_SEARCH_PATHS = "$(inherited) @executable_path/Frameworks";
				PRODUCT_BUNDLE_IDENTIFIER = com.saltymule.OpenBrain;
				PRODUCT_NAME = OpenBrain;
				PROVISIONING_PROFILE = "";
			};
			name = Debug;
		};
		770D42E41BCF047300C2C3A6 /* Release */ = {
			isa = XCBuildConfiguration;
			baseConfigurationReference = 544EC8087B9A112B06E66EEF /* Pods.release.xcconfig */;
			buildSettings = {
				ASSETCATALOG_COMPILER_APPICON_NAME = AppIcon;
				CODE_SIGN_IDENTITY = "iPhone Developer";
				"CODE_SIGN_IDENTITY[sdk=iphoneos*]" = "iPhone Developer";
				INFOPLIST_FILE = OpenBrain/Info.plist;
				LD_RUNPATH_SEARCH_PATHS = "$(inherited) @executable_path/Frameworks";
				PRODUCT_BUNDLE_IDENTIFIER = com.saltymule.OpenBrain;
				PRODUCT_NAME = OpenBrain;
				PROVISIONING_PROFILE = "";
			};
			name = Release;
		};
		770D42E61BCF047300C2C3A6 /* Debug */ = {
			isa = XCBuildConfiguration;
			buildSettings = {
				BUNDLE_LOADER = "$(TEST_HOST)";
				INFOPLIST_FILE = OpenBrainTests/Info.plist;
				LD_RUNPATH_SEARCH_PATHS = "$(inherited) @executable_path/Frameworks @loader_path/Frameworks";
				PRODUCT_BUNDLE_IDENTIFIER = com.saltymule.OpenBrainTests;
				PRODUCT_NAME = OpenBrainTests;
				TEST_HOST = "$(BUILT_PRODUCTS_DIR)/OpenBrain.app/OpenBrain";
			};
			name = Debug;
		};
		770D42E71BCF047300C2C3A6 /* Release */ = {
			isa = XCBuildConfiguration;
			buildSettings = {
				BUNDLE_LOADER = "$(TEST_HOST)";
				INFOPLIST_FILE = OpenBrainTests/Info.plist;
				LD_RUNPATH_SEARCH_PATHS = "$(inherited) @executable_path/Frameworks @loader_path/Frameworks";
				PRODUCT_BUNDLE_IDENTIFIER = com.saltymule.OpenBrainTests;
				PRODUCT_NAME = OpenBrainTests;
				TEST_HOST = "$(BUILT_PRODUCTS_DIR)/OpenBrain.app/OpenBrain";
			};
			name = Release;
		};
		770D42E91BCF047300C2C3A6 /* Debug */ = {
			isa = XCBuildConfiguration;
			buildSettings = {
				CODE_SIGN_IDENTITY = "iPhone Developer";
				"CODE_SIGN_IDENTITY[sdk=iphoneos*]" = "iPhone Developer";
				INFOPLIST_FILE = OpenBrainUITests/Info.plist;
				LD_RUNPATH_SEARCH_PATHS = "$(inherited) @executable_path/Frameworks @loader_path/Frameworks";
				PRODUCT_BUNDLE_IDENTIFIER = com.saltymule.OpenBrainUITests;
				PRODUCT_NAME = OpenBrainUITests;
				PROVISIONING_PROFILE = "";
				TEST_TARGET_NAME = OpenBrain;
				USES_XCTRUNNER = YES;
			};
			name = Debug;
		};
		770D42EA1BCF047300C2C3A6 /* Release */ = {
			isa = XCBuildConfiguration;
			buildSettings = {
				CODE_SIGN_IDENTITY = "iPhone Developer";
				"CODE_SIGN_IDENTITY[sdk=iphoneos*]" = "iPhone Developer";
				INFOPLIST_FILE = OpenBrainUITests/Info.plist;
				LD_RUNPATH_SEARCH_PATHS = "$(inherited) @executable_path/Frameworks @loader_path/Frameworks";
				PRODUCT_BUNDLE_IDENTIFIER = com.saltymule.OpenBrainUITests;
				PRODUCT_NAME = OpenBrainUITests;
				PROVISIONING_PROFILE = "";
				TEST_TARGET_NAME = OpenBrain;
				USES_XCTRUNNER = YES;
			};
			name = Release;
		};
/* End XCBuildConfiguration section */

/* Begin XCConfigurationList section */
		770D42B51BCF047300C2C3A6 /* Build configuration list for PBXProject "OpenBrain" */ = {
			isa = XCConfigurationList;
			buildConfigurations = (
				770D42E01BCF047300C2C3A6 /* Debug */,
				770D42E11BCF047300C2C3A6 /* Release */,
			);
			defaultConfigurationIsVisible = 0;
			defaultConfigurationName = Release;
		};
		770D42E21BCF047300C2C3A6 /* Build configuration list for PBXNativeTarget "OpenBrain" */ = {
			isa = XCConfigurationList;
			buildConfigurations = (
				770D42E31BCF047300C2C3A6 /* Debug */,
				770D42E41BCF047300C2C3A6 /* Release */,
			);
			defaultConfigurationIsVisible = 0;
			defaultConfigurationName = Release;
		};
		770D42E51BCF047300C2C3A6 /* Build configuration list for PBXNativeTarget "OpenBrainTests" */ = {
			isa = XCConfigurationList;
			buildConfigurations = (
				770D42E61BCF047300C2C3A6 /* Debug */,
				770D42E71BCF047300C2C3A6 /* Release */,
			);
			defaultConfigurationIsVisible = 0;
			defaultConfigurationName = Release;
		};
		770D42E81BCF047300C2C3A6 /* Build configuration list for PBXNativeTarget "OpenBrainUITests" */ = {
			isa = XCConfigurationList;
			buildConfigurations = (
				770D42E91BCF047300C2C3A6 /* Debug */,
				770D42EA1BCF047300C2C3A6 /* Release */,
			);
			defaultConfigurationIsVisible = 0;
			defaultConfigurationName = Release;
		};
/* End XCConfigurationList section */
	};
	rootObject = 770D42B21BCF047300C2C3A6 /* Project object */;
}
